
Microsoft Visual Studio Solution File, Format Version 12.00
# Visual Studio Version 16
VisualStudioVersion = 16.0.30907.101
MinimumVisualStudioVersion = 10.0.40219.1
Project("{FAE04EC0-301F-11D3-BF4B-00C04F79EFBC}") = "Dijkstra", "Dijkstra\Dijkstra.csproj", "{0B711B78-80A0-4BBB-836C-78379F24AEA8}"
EndProject
Global
	GlobalSection(SolutionConfigurationPlatforms) = preSolution
		Debug|Any CPU = Debug|Any CPU
		Release|Any CPU = Release|Any CPU
	EndGlobalSection
	GlobalSection(ProjectConfigurationPlatforms) = postSolution
		{0B711B78-80A0-4BBB-836C-78379F24AEA8}.Debug|Any CPU.ActiveCfg = Debug|Any CPU
		{0B711B78-80A0-4BBB-836C-78379F24AEA8}.Debug|Any CPU.Build.0 = Debug|Any CPU
		{0B711B78-80A0-4BBB-836C-78379F24AEA8}.Release|Any CPU.ActiveCfg = Release|Any CPU
		{0B711B78-80A0-4BBB-836C-78379F24AEA8}.Release|Any CPU.Build.0 = Release|Any CPU
	EndGlobalSection
	GlobalSection(SolutionProperties) = preSolution
		HideSolutionNode = FALSE
	EndGlobalSection
	GlobalSection(ExtensibilityGlobals) = postSolution
		SolutionGuid = {17AC03A6-356F-49A6-AF0F-394229DAF20A}
	EndGlobalSection
EndGlobal
